
Microsoft Visual Studio Solution File, Format Version 12.00
# Visual Studio Version 17
VisualStudioVersion = 17.5.33530.505
MinimumVisualStudioVersion = 10.0.40219.1
Project("{FAE04EC0-301F-11D3-BF4B-00C04F79EFBC}") = "Ejercicio6", "Ejercicio6\Ejercicio6.csproj", "{3C1A3969-0E9D-496D-AA43-A7618FE4495C}"
EndProject
Global
	GlobalSection(SolutionConfigurationPlatforms) = preSolution
		Debug|Any CPU = Debug|Any CPU
		Release|Any CPU = Release|Any CPU
	EndGlobalSection
	GlobalSection(ProjectConfigurationPlatforms) = postSolution
		{3C1A3969-0E9D-496D-AA43-A7618FE4495C}.Debug|Any CPU.ActiveCfg = Debug|Any CPU
		{3C1A3969-0E9D-496D-AA43-A7618FE4495C}.Debug|Any CPU.Build.0 = Debug|Any CPU
		{3C1A3969-0E9D-496D-AA43-A7618FE4495C}.Release|Any CPU.ActiveCfg = Release|Any CPU
		{3C1A3969-0E9D-496D-AA43-A7618FE4495C}.Release|Any CPU.Build.0 = Release|Any CPU
	EndGlobalSection
	GlobalSection(SolutionProperties) = preSolution
		HideSolutionNode = FALSE
	EndGlobalSection
	GlobalSection(ExtensibilityGlobals) = postSolution
		SolutionGuid = {0CA45A47-A118-4FCD-847F-491A7085823D}
	EndGlobalSection
EndGlobal
